// !$*UTF8*$!
{
	archiveVersion = 1;
	classes = {
	};
	objectVersion = 46;
	objects = {

/* Begin PBXBuildFile section */
		50106F841BC101D3001BE683 /* index.js in Resources */ = {isa = PBXBuildFile; fileRef = 50106F831BC101D3001BE683 /* index.js */; settings = {ASSET_TAGS = (); }; };
		5037B40C1BC94F110025C997 /* Cancel BUTTON@2x.png in Resources */ = {isa = PBXBuildFile; fileRef = 5037B4061BC94F110025C997 /* Cancel BUTTON@2x.png */; settings = {ASSET_TAGS = (); }; };
		5037B40D1BC94F110025C997 /* Cancel BUTTON@3x.png in Resources */ = {isa = PBXBuildFile; fileRef = 5037B4071BC94F110025C997 /* Cancel BUTTON@3x.png */; settings = {ASSET_TAGS = (); }; };
		5037B40E1BC94F110025C997 /* Sign Up BUTTON@2x.png in Resources */ = {isa = PBXBuildFile; fileRef = 5037B4081BC94F110025C997 /* Sign Up BUTTON@2x.png */; settings = {ASSET_TAGS = (); }; };
		5037B40F1BC94F110025C997 /* Sign Up BUTTON@3x.png in Resources */ = {isa = PBXBuildFile; fileRef = 5037B4091BC94F110025C997 /* Sign Up BUTTON@3x.png */; settings = {ASSET_TAGS = (); }; };
		5037B4101BC94F110025C997 /* Sign in BUTTON@2x.png in Resources */ = {isa = PBXBuildFile; fileRef = 5037B40A1BC94F110025C997 /* Sign in BUTTON@2x.png */; settings = {ASSET_TAGS = (); }; };
		5037B4111BC94F110025C997 /* Sign in BUTTON@3x.png in Resources */ = {isa = PBXBuildFile; fileRef = 5037B40B1BC94F110025C997 /* Sign in BUTTON@3x.png */; settings = {ASSET_TAGS = (); }; };
		5037B4161BC94FC80025C997 /* Create BUTTON@2x.png in Resources */ = {isa = PBXBuildFile; fileRef = 5037B4121BC94FC80025C997 /* Create BUTTON@2x.png */; settings = {ASSET_TAGS = (); }; };
		5037B4171BC94FC80025C997 /* Create BUTTON@3x.png in Resources */ = {isa = PBXBuildFile; fileRef = 5037B4131BC94FC80025C997 /* Create BUTTON@3x.png */; settings = {ASSET_TAGS = (); }; };
		5037B41C1BC9501A0025C997 /* Name INPUT@2x.png in Resources */ = {isa = PBXBuildFile; fileRef = 5037B41A1BC9501A0025C997 /* Name INPUT@2x.png */; settings = {ASSET_TAGS = (); }; };
		5037B41D1BC9501A0025C997 /* Name INPUT@3x.png in Resources */ = {isa = PBXBuildFile; fileRef = 5037B41B1BC9501A0025C997 /* Name INPUT@3x.png */; settings = {ASSET_TAGS = (); }; };
		5037B4501BCA411B0025C997 /* MacBook Air-Button.png in Resources */ = {isa = PBXBuildFile; fileRef = 5037B41F1BCA411B0025C997 /* MacBook Air-Button.png */; settings = {ASSET_TAGS = (); }; };
		5037B4511BCA411B0025C997 /* MacBook Pro-Button.png in Resources */ = {isa = PBXBuildFile; fileRef = 5037B4201BCA411B0025C997 /* MacBook Pro-Button.png */; settings = {ASSET_TAGS = (); }; };
		5037B4521BCA411B0025C997 /* MacBook-1.png in Resources */ = {isa = PBXBuildFile; fileRef = 5037B4211BCA411B0025C997 /* MacBook-1.png */; settings = {ASSET_TAGS = (); }; };
		5037B4531BCA411B0025C997 /* MacBook-2.png in Resources */ = {isa = PBXBuildFile; fileRef = 5037B4221BCA411B0025C997 /* MacBook-2.png */; settings = {ASSET_TAGS = (); }; };
		5037B4541BCA411B0025C997 /* MacBook-3.png in Resources */ = {isa = PBXBuildFile; fileRef = 5037B4231BCA411B0025C997 /* MacBook-3.png */; settings = {ASSET_TAGS = (); }; };
		5037B4551BCA411B0025C997 /* MacBook-Button.png in Resources */ = {isa = PBXBuildFile; fileRef = 5037B4241BCA411B0025C997 /* MacBook-Button.png */; settings = {ASSET_TAGS = (); }; };
		5037B4561BCA411B0025C997 /* iPod_Nano.png in Resources */ = {isa = PBXBuildFile; fileRef = 5037B4261BCA411B0025C997 /* iPod_Nano.png */; settings = {ASSET_TAGS = (); }; };
		5037B4571BCA411B0025C997 /* iPod_Nano_button.png in Resources */ = {isa = PBXBuildFile; fileRef = 5037B4271BCA411B0025C997 /* iPod_Nano_button.png */; settings = {ASSET_TAGS = (); }; };
		5037B4581BCA411B0025C997 /* iPod_Touch.png in Resources */ = {isa = PBXBuildFile; fileRef = 5037B4281BCA411B0025C997 /* iPod_Touch.png */; settings = {ASSET_TAGS = (); }; };
		5037B4591BCA411B0025C997 /* iPod_Touch_button.png in Resources */ = {isa = PBXBuildFile; fileRef = 5037B4291BCA411B0025C997 /* iPod_Touch_button.png */; settings = {ASSET_TAGS = (); }; };
		5037B45A1BCA411B0025C997 /* iPad_Air.png in Resources */ = {isa = PBXBuildFile; fileRef = 5037B42B1BCA411B0025C997 /* iPad_Air.png */; settings = {ASSET_TAGS = (); }; };
		5037B45B1BCA411B0025C997 /* iPad_Air2.png in Resources */ = {isa = PBXBuildFile; fileRef = 5037B42C1BCA411B0025C997 /* iPad_Air2.png */; settings = {ASSET_TAGS = (); }; };
		5037B45C1BCA411B0025C997 /* iPad_Air2_button.png in Resources */ = {isa = PBXBuildFile; fileRef = 5037B42D1BCA411B0025C997 /* iPad_Air2_button.png */; settings = {ASSET_TAGS = (); }; };
		5037B45D1BCA411B0025C997 /* iPad_Air_button.png in Resources */ = {isa = PBXBuildFile; fileRef = 5037B42E1BCA411B0025C997 /* iPad_Air_button.png */; settings = {ASSET_TAGS = (); }; };
		5037B45E1BCA411B0025C997 /* iPad_mini2_button.png in Resources */ = {isa = PBXBuildFile; fileRef = 5037B42F1BCA411B0025C997 /* iPad_mini2_button.png */; settings = {ASSET_TAGS = (); }; };
		5037B45F1BCA411B0025C997 /* iPad_mini4.png in Resources */ = {isa = PBXBuildFile; fileRef = 5037B4301BCA411B0025C997 /* iPad_mini4.png */; settings = {ASSET_TAGS = (); }; };
		5037B4601BCA411B0025C997 /* iPad_mini4_button.png in Resources */ = {isa = PBXBuildFile; fileRef = 5037B4311BCA411B0025C997 /* iPad_mini4_button.png */; settings = {ASSET_TAGS = (); }; };
		5037B4611BCA411B0025C997 /* iPad_mini2.png in Resources */ = {isa = PBXBuildFile; fileRef = 5037B4321BCA411B0025C997 /* iPad_mini2.png */; settings = {ASSET_TAGS = (); }; };
		5037B4621BCA411B0025C997 /* iPhone_6_plus.png in Resources */ = {isa = PBXBuildFile; fileRef = 5037B4341BCA411B0025C997 /* iPhone_6_plus.png */; settings = {ASSET_TAGS = (); }; };
		5037B4631BCA411B0025C997 /* iPhone_5s.png in Resources */ = {isa = PBXBuildFile; fileRef = 5037B4351BCA411B0025C997 /* iPhone_5s.png */; settings = {ASSET_TAGS = (); }; };
		5037B4641BCA411B0025C997 /* iPhone_5s_button.png in Resources */ = {isa = PBXBuildFile; fileRef = 5037B4361BCA411B0025C997 /* iPhone_5s_button.png */; settings = {ASSET_TAGS = (); }; };
		5037B4651BCA411B0025C997 /* iPhone_6.png in Resources */ = {isa = PBXBuildFile; fileRef = 5037B4371BCA411B0025C997 /* iPhone_6.png */; settings = {ASSET_TAGS = (); }; };
		5037B4661BCA411B0025C997 /* iPhone_6_button.png in Resources */ = {isa = PBXBuildFile; fileRef = 5037B4381BCA411B0025C997 /* iPhone_6_button.png */; settings = {ASSET_TAGS = (); }; };
		5037B4671BCA411B0025C997 /* iPhone_6_plus_button.png in Resources */ = {isa = PBXBuildFile; fileRef = 5037B4391BCA411B0025C997 /* iPhone_6_plus_button.png */; settings = {ASSET_TAGS = (); }; };
		5037B4681BCA411B0025C997 /* iPhone_6s.png in Resources */ = {isa = PBXBuildFile; fileRef = 5037B43A1BCA411B0025C997 /* iPhone_6s.png */; settings = {ASSET_TAGS = (); }; };
		5037B4691BCA411B0025C997 /* iPhone_6s_button.png in Resources */ = {isa = PBXBuildFile; fileRef = 5037B43B1BCA411B0025C997 /* iPhone_6s_button.png */; settings = {ASSET_TAGS = (); }; };
		5037B46A1BCA411B0025C997 /* iPhone_6s_plus.png in Resources */ = {isa = PBXBuildFile; fileRef = 5037B43C1BCA411B0025C997 /* iPhone_6s_plus.png */; settings = {ASSET_TAGS = (); }; };
		5037B46B1BCA411B0025C997 /* iPhone_6s_plus_button.png in Resources */ = {isa = PBXBuildFile; fileRef = 5037B43D1BCA411B0025C997 /* iPhone_6s_plus_button.png */; settings = {ASSET_TAGS = (); }; };
		5037B46C1BCA411B0025C997 /* Gray Button@2x.png in Resources */ = {isa = PBXBuildFile; fileRef = 5037B43F1BCA411B0025C997 /* Gray Button@2x.png */; settings = {ASSET_TAGS = (); }; };
		5037B46D1BCA411B0025C997 /* Gray Button@3x.png in Resources */ = {isa = PBXBuildFile; fileRef = 5037B4401BCA411B0025C997 /* Gray Button@3x.png */; settings = {ASSET_TAGS = (); }; };
		5037B46E1BCA411B0025C997 /* Green Button@2x.png in Resources */ = {isa = PBXBuildFile; fileRef = 5037B4411BCA411B0025C997 /* Green Button@2x.png */; settings = {ASSET_TAGS = (); }; };
		5037B46F1BCA411B0025C997 /* Green Button@3x.png in Resources */ = {isa = PBXBuildFile; fileRef = 5037B4421BCA411B0025C997 /* Green Button@3x.png */; settings = {ASSET_TAGS = (); }; };
		5037B4701BCA411B0025C997 /* Red Button@2x.png in Resources */ = {isa = PBXBuildFile; fileRef = 5037B4431BCA411B0025C997 /* Red Button@2x.png */; settings = {ASSET_TAGS = (); }; };
		5037B4711BCA411B0025C997 /* Red Button@3x.png in Resources */ = {isa = PBXBuildFile; fileRef = 5037B4441BCA411B0025C997 /* Red Button@3x.png */; settings = {ASSET_TAGS = (); }; };
		5037B4721BCA411B0025C997 /* Yellow Button@2x.png in Resources */ = {isa = PBXBuildFile; fileRef = 5037B4451BCA411B0025C997 /* Yellow Button@2x.png */; settings = {ASSET_TAGS = (); }; };
		5037B4731BCA411B0025C997 /* Yellow Button@3x.png in Resources */ = {isa = PBXBuildFile; fileRef = 5037B4461BCA411B0025C997 /* Yellow Button@3x.png */; settings = {ASSET_TAGS = (); }; };
		5037B4741BCA411B0025C997 /* iPad icon@2x.png in Resources */ = {isa = PBXBuildFile; fileRef = 5037B4481BCA411B0025C997 /* iPad icon@2x.png */; settings = {ASSET_TAGS = (); }; };
		5037B4751BCA411B0025C997 /* iPad icon@3x.png in Resources */ = {isa = PBXBuildFile; fileRef = 5037B4491BCA411B0025C997 /* iPad icon@3x.png */; settings = {ASSET_TAGS = (); }; };
		5037B4761BCA411B0025C997 /* iPhone icon@2x.png in Resources */ = {isa = PBXBuildFile; fileRef = 5037B44A1BCA411B0025C997 /* iPhone icon@2x.png */; settings = {ASSET_TAGS = (); }; };
		5037B4771BCA411B0025C997 /* iPhone icon@3x.png in Resources */ = {isa = PBXBuildFile; fileRef = 5037B44B1BCA411B0025C997 /* iPhone icon@3x.png */; settings = {ASSET_TAGS = (); }; };
		5037B4781BCA411B0025C997 /* iPod icon@2x.png in Resources */ = {isa = PBXBuildFile; fileRef = 5037B44C1BCA411B0025C997 /* iPod icon@2x.png */; settings = {ASSET_TAGS = (); }; };
		5037B4791BCA411B0025C997 /* iPod icon@3x.png in Resources */ = {isa = PBXBuildFile; fileRef = 5037B44D1BCA411B0025C997 /* iPod icon@3x.png */; settings = {ASSET_TAGS = (); }; };
		5037B47A1BCA411B0025C997 /* MacBook icon@2x.png in Resources */ = {isa = PBXBuildFile; fileRef = 5037B44E1BCA411B0025C997 /* MacBook icon@2x.png */; settings = {ASSET_TAGS = (); }; };
		5037B47B1BCA411B0025C997 /* MacBook icon@3x.png in Resources */ = {isa = PBXBuildFile; fileRef = 5037B44F1BCA411B0025C997 /* MacBook icon@3x.png */; settings = {ASSET_TAGS = (); }; };
		5037B4A21BCAAFB60025C997 /* DeviceModelViewController.m in Sources */ = {isa = PBXBuildFile; fileRef = 5037B48E1BCAAFB60025C997 /* DeviceModelViewController.m */; settings = {ASSET_TAGS = (); }; };
		5037B4A31BCAAFB60025C997 /* DeviceTabBarController.m in Sources */ = {isa = PBXBuildFile; fileRef = 5037B4911BCAAFB60025C997 /* DeviceTabBarController.m */; settings = {ASSET_TAGS = (); }; };
		5037B4A41BCAAFB60025C997 /* DeviceViewController.m in Sources */ = {isa = PBXBuildFile; fileRef = 5037B4941BCAAFB60025C997 /* DeviceViewController.m */; settings = {ASSET_TAGS = (); }; };
		5049C31F1BBAD03900B6FA0E /* Launch.storyboard in Resources */ = {isa = PBXBuildFile; fileRef = 5049C31E1BBAD03900B6FA0E /* Launch.storyboard */; settings = {ASSET_TAGS = (); }; };
		506021621BBFDB54008123DE /* DeviceCell.m in Sources */ = {isa = PBXBuildFile; fileRef = 506021521BBFDB54008123DE /* DeviceCell.m */; settings = {ASSET_TAGS = (); }; };
		506021631BBFDB54008123DE /* DeviceHeaderView.m in Sources */ = {isa = PBXBuildFile; fileRef = 506021551BBFDB54008123DE /* DeviceHeaderView.m */; settings = {ASSET_TAGS = (); }; };
		506021641BBFDB54008123DE /* IndicatorView.m in Sources */ = {isa = PBXBuildFile; fileRef = 506021571BBFDB54008123DE /* IndicatorView.m */; settings = {ASSET_TAGS = (); }; };
		506021651BBFDB54008123DE /* LCAnimatedPageControl.m in Sources */ = {isa = PBXBuildFile; fileRef = 506021591BBFDB54008123DE /* LCAnimatedPageControl.m */; settings = {ASSET_TAGS = (); }; };
		506021661BBFDB54008123DE /* DeviceModelCell.m in Sources */ = {isa = PBXBuildFile; fileRef = 5060215C1BBFDB54008123DE /* DeviceModelCell.m */; settings = {ASSET_TAGS = (); }; };
		506021671BBFDB54008123DE /* Device.m in Sources */ = {isa = PBXBuildFile; fileRef = 5060215F1BBFDB54008123DE /* Device.m */; settings = {ASSET_TAGS = (); }; };
		506389181BBA90A800B11E91 /* iDevicesGuideTests.m in Sources */ = {isa = PBXBuildFile; fileRef = 506389171BBA90A800B11E91 /* iDevicesGuideTests.m */; };
		506389231BBA90A800B11E91 /* iDevicesGuideUITests.m in Sources */ = {isa = PBXBuildFile; fileRef = 506389221BBA90A800B11E91 /* iDevicesGuideUITests.m */; };
		5063894C1BBA926A00B11E91 /* Assets.xcassets in Resources */ = {isa = PBXBuildFile; fileRef = 506389411BBA926A00B11E91 /* Assets.xcassets */; settings = {ASSET_TAGS = (); }; };
		5063894E1BBA926A00B11E91 /* main.m in Sources */ = {isa = PBXBuildFile; fileRef = 506389461BBA926A00B11E91 /* main.m */; settings = {ASSET_TAGS = (); }; };
		5063894F1BBA926A00B11E91 /* AppDelegate.m in Sources */ = {isa = PBXBuildFile; fileRef = 506389491BBA926A00B11E91 /* AppDelegate.m */; settings = {ASSET_TAGS = (); }; };
		506389571BBA95D200B11E91 /* mainView.storyboard in Resources */ = {isa = PBXBuildFile; fileRef = 506389561BBA95D200B11E91 /* mainView.storyboard */; settings = {ASSET_TAGS = (); }; };
		506389591BBA95FC00B11E91 /* deviceView.storyboard in Resources */ = {isa = PBXBuildFile; fileRef = 506389581BBA95FC00B11E91 /* deviceView.storyboard */; settings = {ASSET_TAGS = (); }; };
		506389781BBA99AC00B11E91 /* Apple Watch.png in Resources */ = {isa = PBXBuildFile; fileRef = 5063895B1BBA99AC00B11E91 /* Apple Watch.png */; settings = {ASSET_TAGS = (); }; };
		50A90EE01BC3FDD20097CA98 /* DevicesLibrary.m in Sources */ = {isa = PBXBuildFile; fileRef = 50A90EDF1BC3FDD20097CA98 /* DevicesLibrary.m */; settings = {ASSET_TAGS = (); }; };
		50D2886D1BC120F200455D45 /* index.html in Resources */ = {isa = PBXBuildFile; fileRef = 50D2886B1BC120F200455D45 /* index.html */; settings = {ASSET_TAGS = (); }; };
		50D2886E1BC120F200455D45 /* ChartNew.min.js in Resources */ = {isa = PBXBuildFile; fileRef = 50D2886C1BC120F200455D45 /* ChartNew.min.js */; settings = {ASSET_TAGS = (); }; };
		7D9C6FF41A5D80F3AA855159 /* libPods.a in Frameworks */ = {isa = PBXBuildFile; fileRef = 33F3163DBC0809EBD77459D3 /* libPods.a */; };
/* End PBXBuildFile section */

/* Begin PBXContainerItemProxy section */
		506389141BBA90A800B11E91 /* PBXContainerItemProxy */ = {
			isa = PBXContainerItemProxy;
			containerPortal = 506388F21BBA90A800B11E91 /* Project object */;
			proxyType = 1;
			remoteGlobalIDString = 506388F91BBA90A800B11E91;
			remoteInfo = iDevicesGuide;
		};
		5063891F1BBA90A800B11E91 /* PBXContainerItemProxy */ = {
			isa = PBXContainerItemProxy;
			containerPortal = 506388F21BBA90A800B11E91 /* Project object */;
			proxyType = 1;
			remoteGlobalIDString = 506388F91BBA90A800B11E91;
			remoteInfo = iDevicesGuide;
		};
/* End PBXContainerItemProxy section */

/* Begin PBXFileReference section */
		33F3163DBC0809EBD77459D3 /* libPods.a */ = {isa = PBXFileReference; explicitFileType = archive.ar; includeInIndex = 0; path = libPods.a; sourceTree = BUILT_PRODUCTS_DIR; };
		50106F831BC101D3001BE683 /* index.js */ = {isa = PBXFileReference; fileEncoding = 4; lastKnownFileType = sourcecode.javascript; path = index.js; sourceTree = "<group>"; };
		5037B4061BC94F110025C997 /* Cancel BUTTON@2x.png */ = {isa = PBXFileReference; lastKnownFileType = image.png; path = "Cancel BUTTON@2x.png"; sourceTree = "<group>"; };
		5037B4071BC94F110025C997 /* Cancel BUTTON@3x.png */ = {isa = PBXFileReference; lastKnownFileType = image.png; path = "Cancel BUTTON@3x.png"; sourceTree = "<group>"; };
		5037B4081BC94F110025C997 /* Sign Up BUTTON@2x.png */ = {isa = PBXFileReference; lastKnownFileType = image.png; path = "Sign Up BUTTON@2x.png"; sourceTree = "<group>"; };
		5037B4091BC94F110025C997 /* Sign Up BUTTON@3x.png */ = {isa = PBXFileReference; lastKnownFileType = image.png; path = "Sign Up BUTTON@3x.png"; sourceTree = "<group>"; };
		5037B40A1BC94F110025C997 /* Sign in BUTTON@2x.png */ = {isa = PBXFileReference; lastKnownFileType = image.png; path = "Sign in BUTTON@2x.png"; sourceTree = "<group>"; };
		5037B40B1BC94F110025C997 /* Sign in BUTTON@3x.png */ = {isa = PBXFileReference; lastKnownFileType = image.png; path = "Sign in BUTTON@3x.png"; sourceTree = "<group>"; };
		5037B4121BC94FC80025C997 /* Create BUTTON@2x.png */ = {isa = PBXFileReference; lastKnownFileType = image.png; path = "Create BUTTON@2x.png"; sourceTree = "<group>"; };
		5037B4131BC94FC80025C997 /* Create BUTTON@3x.png */ = {isa = PBXFileReference; lastKnownFileType = image.png; path = "Create BUTTON@3x.png"; sourceTree = "<group>"; };
		5037B41A1BC9501A0025C997 /* Name INPUT@2x.png */ = {isa = PBXFileReference; lastKnownFileType = image.png; path = "Name INPUT@2x.png"; sourceTree = "<group>"; };
		5037B41B1BC9501A0025C997 /* Name INPUT@3x.png */ = {isa = PBXFileReference; lastKnownFileType = image.png; path = "Name INPUT@3x.png"; sourceTree = "<group>"; };
		5037B41F1BCA411B0025C997 /* MacBook Air-Button.png */ = {isa = PBXFileReference; lastKnownFileType = image.png; path = "MacBook Air-Button.png"; sourceTree = "<group>"; };
		5037B4201BCA411B0025C997 /* MacBook Pro-Button.png */ = {isa = PBXFileReference; lastKnownFileType = image.png; path = "MacBook Pro-Button.png"; sourceTree = "<group>"; };
		5037B4211BCA411B0025C997 /* MacBook-1.png */ = {isa = PBXFileReference; lastKnownFileType = image.png; path = "MacBook-1.png"; sourceTree = "<group>"; };
		5037B4221BCA411B0025C997 /* MacBook-2.png */ = {isa = PBXFileReference; lastKnownFileType = image.png; path = "MacBook-2.png"; sourceTree = "<group>"; };
		5037B4231BCA411B0025C997 /* MacBook-3.png */ = {isa = PBXFileReference; lastKnownFileType = image.png; path = "MacBook-3.png"; sourceTree = "<group>"; };
		5037B4241BCA411B0025C997 /* MacBook-Button.png */ = {isa = PBXFileReference; lastKnownFileType = image.png; path = "MacBook-Button.png"; sourceTree = "<group>"; };
		5037B4261BCA411B0025C997 /* iPod_Nano.png */ = {isa = PBXFileReference; lastKnownFileType = image.png; path = iPod_Nano.png; sourceTree = "<group>"; };
		5037B4271BCA411B0025C997 /* iPod_Nano_button.png */ = {isa = PBXFileReference; lastKnownFileType = image.png; path = iPod_Nano_button.png; sourceTree = "<group>"; };
		5037B4281BCA411B0025C997 /* iPod_Touch.png */ = {isa = PBXFileReference; lastKnownFileType = image.png; path = iPod_Touch.png; sourceTree = "<group>"; };
		5037B4291BCA411B0025C997 /* iPod_Touch_button.png */ = {isa = PBXFileReference; lastKnownFileType = image.png; path = iPod_Touch_button.png; sourceTree = "<group>"; };
		5037B42B1BCA411B0025C997 /* iPad_Air.png */ = {isa = PBXFileReference; lastKnownFileType = image.png; path = iPad_Air.png; sourceTree = "<group>"; };
		5037B42C1BCA411B0025C997 /* iPad_Air2.png */ = {isa = PBXFileReference; lastKnownFileType = image.png; path = iPad_Air2.png; sourceTree = "<group>"; };
		5037B42D1BCA411B0025C997 /* iPad_Air2_button.png */ = {isa = PBXFileReference; lastKnownFileType = image.png; path = iPad_Air2_button.png; sourceTree = "<group>"; };
		5037B42E1BCA411B0025C997 /* iPad_Air_button.png */ = {isa = PBXFileReference; lastKnownFileType = image.png; path = iPad_Air_button.png; sourceTree = "<group>"; };
		5037B42F1BCA411B0025C997 /* iPad_mini2_button.png */ = {isa = PBXFileReference; lastKnownFileType = image.png; path = iPad_mini2_button.png; sourceTree = "<group>"; };
		5037B4301BCA411B0025C997 /* iPad_mini4.png */ = {isa = PBXFileReference; lastKnownFileType = image.png; path = iPad_mini4.png; sourceTree = "<group>"; };
		5037B4311BCA411B0025C997 /* iPad_mini4_button.png */ = {isa = PBXFileReference; lastKnownFileType = image.png; path = iPad_mini4_button.png; sourceTree = "<group>"; };
		5037B4321BCA411B0025C997 /* iPad_mini2.png */ = {isa = PBXFileReference; lastKnownFileType = image.png; path = iPad_mini2.png; sourceTree = "<group>"; };
		5037B4341BCA411B0025C997 /* iPhone_6_plus.png */ = {isa = PBXFileReference; lastKnownFileType = image.png; path = iPhone_6_plus.png; sourceTree = "<group>"; };
		5037B4351BCA411B0025C997 /* iPhone_5s.png */ = {isa = PBXFileReference; lastKnownFileType = image.png; path = iPhone_5s.png; sourceTree = "<group>"; };
		5037B4361BCA411B0025C997 /* iPhone_5s_button.png */ = {isa = PBXFileReference; lastKnownFileType = image.png; path = iPhone_5s_button.png; sourceTree = "<group>"; };
		5037B4371BCA411B0025C997 /* iPhone_6.png */ = {isa = PBXFileReference; lastKnownFileType = image.png; path = iPhone_6.png; sourceTree = "<group>"; };
		5037B4381BCA411B0025C997 /* iPhone_6_button.png */ = {isa = PBXFileReference; lastKnownFileType = image.png; path = iPhone_6_button.png; sourceTree = "<group>"; };
		5037B4391BCA411B0025C997 /* iPhone_6_plus_button.png */ = {isa = PBXFileReference; lastKnownFileType = image.png; path = iPhone_6_plus_button.png; sourceTree = "<group>"; };
		5037B43A1BCA411B0025C997 /* iPhone_6s.png */ = {isa = PBXFileReference; lastKnownFileType = image.png; path = iPhone_6s.png; sourceTree = "<group>"; };
		5037B43B1BCA411B0025C997 /* iPhone_6s_button.png */ = {isa = PBXFileReference; lastKnownFileType = image.png; path = iPhone_6s_button.png; sourceTree = "<group>"; };
		5037B43C1BCA411B0025C997 /* iPhone_6s_plus.png */ = {isa = PBXFileReference; lastKnownFileType = image.png; path = iPhone_6s_plus.png; sourceTree = "<group>"; };
		5037B43D1BCA411B0025C997 /* iPhone_6s_plus_button.png */ = {isa = PBXFileReference; lastKnownFileType = image.png; path = iPhone_6s_plus_button.png; sourceTree = "<group>"; };
		5037B43F1BCA411B0025C997 /* Gray Button@2x.png */ = {isa = PBXFileReference; lastKnownFileType = image.png; path = "Gray Button@2x.png"; sourceTree = "<group>"; };
		5037B4401BCA411B0025C997 /* Gray Button@3x.png */ = {isa = PBXFileReference; lastKnownFileType = image.png; path = "Gray Button@3x.png"; sourceTree = "<group>"; };
		5037B4411BCA411B0025C997 /* Green Button@2x.png */ = {isa = PBXFileReference; lastKnownFileType = image.png; path = "Green Button@2x.png"; sourceTree = "<group>"; };
		5037B4421BCA411B0025C997 /* Green Button@3x.png */ = {isa = PBXFileReference; lastKnownFileType = image.png; path = "Green Button@3x.png"; sourceTree = "<group>"; };
		5037B4431BCA411B0025C997 /* Red Button@2x.png */ = {isa = PBXFileReference; lastKnownFileType = image.png; path = "Red Button@2x.png"; sourceTree = "<group>"; };
		5037B4441BCA411B0025C997 /* Red Button@3x.png */ = {isa = PBXFileReference; lastKnownFileType = image.png; path = "Red Button@3x.png"; sourceTree = "<group>"; };
		5037B4451BCA411B0025C997 /* Yellow Button@2x.png */ = {isa = PBXFileReference; lastKnownFileType = image.png; path = "Yellow Button@2x.png"; sourceTree = "<group>"; };
		5037B4461BCA411B0025C997 /* Yellow Button@3x.png */ = {isa = PBXFileReference; lastKnownFileType = image.png; path = "Yellow Button@3x.png"; sourceTree = "<group>"; };
		5037B4481BCA411B0025C997 /* iPad icon@2x.png */ = {isa = PBXFileReference; lastKnownFileType = image.png; path = "iPad icon@2x.png"; sourceTree = "<group>"; };
		5037B4491BCA411B0025C997 /* iPad icon@3x.png */ = {isa = PBXFileReference; lastKnownFileType = image.png; path = "iPad icon@3x.png"; sourceTree = "<group>"; };
		5037B44A1BCA411B0025C997 /* iPhone icon@2x.png */ = {isa = PBXFileReference; lastKnownFileType = image.png; path = "iPhone icon@2x.png"; sourceTree = "<group>"; };
		5037B44B1BCA411B0025C997 /* iPhone icon@3x.png */ = {isa = PBXFileReference; lastKnownFileType = image.png; path = "iPhone icon@3x.png"; sourceTree = "<group>"; };
		5037B44C1BCA411B0025C997 /* iPod icon@2x.png */ = {isa = PBXFileReference; lastKnownFileType = image.png; path = "iPod icon@2x.png"; sourceTree = "<group>"; };
		5037B44D1BCA411B0025C997 /* iPod icon@3x.png */ = {isa = PBXFileReference; lastKnownFileType = image.png; path = "iPod icon@3x.png"; sourceTree = "<group>"; };
		5037B44E1BCA411B0025C997 /* MacBook icon@2x.png */ = {isa = PBXFileReference; lastKnownFileType = image.png; path = "MacBook icon@2x.png"; sourceTree = "<group>"; };
		5037B44F1BCA411B0025C997 /* MacBook icon@3x.png */ = {isa = PBXFileReference; lastKnownFileType = image.png; path = "MacBook icon@3x.png"; sourceTree = "<group>"; };
		5037B48D1BCAAFB60025C997 /* DeviceModelViewController.h */ = {isa = PBXFileReference; fileEncoding = 4; lastKnownFileType = sourcecode.c.h; path = DeviceModelViewController.h; sourceTree = "<group>"; };
		5037B48E1BCAAFB60025C997 /* DeviceModelViewController.m */ = {isa = PBXFileReference; fileEncoding = 4; lastKnownFileType = sourcecode.c.objc; path = DeviceModelViewController.m; sourceTree = "<group>"; };
		5037B4901BCAAFB60025C997 /* DeviceTabBarController.h */ = {isa = PBXFileReference; fileEncoding = 4; lastKnownFileType = sourcecode.c.h; path = DeviceTabBarController.h; sourceTree = "<group>"; };
		5037B4911BCAAFB60025C997 /* DeviceTabBarController.m */ = {isa = PBXFileReference; fileEncoding = 4; lastKnownFileType = sourcecode.c.objc; path = DeviceTabBarController.m; sourceTree = "<group>"; };
		5037B4931BCAAFB60025C997 /* DeviceViewController.h */ = {isa = PBXFileReference; fileEncoding = 4; lastKnownFileType = sourcecode.c.h; path = DeviceViewController.h; sourceTree = "<group>"; };
		5037B4941BCAAFB60025C997 /* DeviceViewController.m */ = {isa = PBXFileReference; fileEncoding = 4; lastKnownFileType = sourcecode.c.objc; path = DeviceViewController.m; sourceTree = "<group>"; };
		5049C31E1BBAD03900B6FA0E /* Launch.storyboard */ = {isa = PBXFileReference; fileEncoding = 4; lastKnownFileType = file.storyboard; path = Launch.storyboard; sourceTree = "<group>"; };
		506021511BBFDB54008123DE /* DeviceCell.h */ = {isa = PBXFileReference; fileEncoding = 4; lastKnownFileType = sourcecode.c.h; path = DeviceCell.h; sourceTree = "<group>"; };
		506021521BBFDB54008123DE /* DeviceCell.m */ = {isa = PBXFileReference; fileEncoding = 4; lastKnownFileType = sourcecode.c.objc; path = DeviceCell.m; sourceTree = "<group>"; };
		506021541BBFDB54008123DE /* DeviceHeaderView.h */ = {isa = PBXFileReference; fileEncoding = 4; lastKnownFileType = sourcecode.c.h; path = DeviceHeaderView.h; sourceTree = "<group>"; };
		506021551BBFDB54008123DE /* DeviceHeaderView.m */ = {isa = PBXFileReference; fileEncoding = 4; lastKnownFileType = sourcecode.c.objc; path = DeviceHeaderView.m; sourceTree = "<group>"; };
		506021561BBFDB54008123DE /* IndicatorView.h */ = {isa = PBXFileReference; fileEncoding = 4; lastKnownFileType = sourcecode.c.h; path = IndicatorView.h; sourceTree = "<group>"; };
		506021571BBFDB54008123DE /* IndicatorView.m */ = {isa = PBXFileReference; fileEncoding = 4; lastKnownFileType = sourcecode.c.objc; path = IndicatorView.m; sourceTree = "<group>"; };
		506021581BBFDB54008123DE /* LCAnimatedPageControl.h */ = {isa = PBXFileReference; fileEncoding = 4; lastKnownFileType = sourcecode.c.h; path = LCAnimatedPageControl.h; sourceTree = "<group>"; };
		506021591BBFDB54008123DE /* LCAnimatedPageControl.m */ = {isa = PBXFileReference; fileEncoding = 4; lastKnownFileType = sourcecode.c.objc; path = LCAnimatedPageControl.m; sourceTree = "<group>"; };
		5060215B1BBFDB54008123DE /* DeviceModelCell.h */ = {isa = PBXFileReference; fileEncoding = 4; lastKnownFileType = sourcecode.c.h; path = DeviceModelCell.h; sourceTree = "<group>"; };
		5060215C1BBFDB54008123DE /* DeviceModelCell.m */ = {isa = PBXFileReference; fileEncoding = 4; lastKnownFileType = sourcecode.c.objc; path = DeviceModelCell.m; sourceTree = "<group>"; };
		5060215E1BBFDB54008123DE /* Device.h */ = {isa = PBXFileReference; fileEncoding = 4; lastKnownFileType = sourcecode.c.h; path = Device.h; sourceTree = "<group>"; };
		5060215F1BBFDB54008123DE /* Device.m */ = {isa = PBXFileReference; fileEncoding = 4; lastKnownFileType = sourcecode.c.objc; path = Device.m; sourceTree = "<group>"; };
		506388FA1BBA90A800B11E91 /* iDevicesGuide.app */ = {isa = PBXFileReference; explicitFileType = wrapper.application; includeInIndex = 0; path = iDevicesGuide.app; sourceTree = BUILT_PRODUCTS_DIR; };
		506389131BBA90A800B11E91 /* iDevicesGuideTests.xctest */ = {isa = PBXFileReference; explicitFileType = wrapper.cfbundle; includeInIndex = 0; path = iDevicesGuideTests.xctest; sourceTree = BUILT_PRODUCTS_DIR; };
		506389171BBA90A800B11E91 /* iDevicesGuideTests.m */ = {isa = PBXFileReference; lastKnownFileType = sourcecode.c.objc; path = iDevicesGuideTests.m; sourceTree = "<group>"; };
		506389191BBA90A800B11E91 /* Info.plist */ = {isa = PBXFileReference; lastKnownFileType = text.plist.xml; path = Info.plist; sourceTree = "<group>"; };
		5063891E1BBA90A800B11E91 /* iDevicesGuideUITests.xctest */ = {isa = PBXFileReference; explicitFileType = wrapper.cfbundle; includeInIndex = 0; path = iDevicesGuideUITests.xctest; sourceTree = BUILT_PRODUCTS_DIR; };
		506389221BBA90A800B11E91 /* iDevicesGuideUITests.m */ = {isa = PBXFileReference; lastKnownFileType = sourcecode.c.objc; path = iDevicesGuideUITests.m; sourceTree = "<group>"; };
		506389241BBA90A800B11E91 /* Info.plist */ = {isa = PBXFileReference; lastKnownFileType = text.plist.xml; path = Info.plist; sourceTree = "<group>"; };
		506389411BBA926A00B11E91 /* Assets.xcassets */ = {isa = PBXFileReference; lastKnownFileType = folder.assetcatalog; path = Assets.xcassets; sourceTree = "<group>"; };
		506389451BBA926A00B11E91 /* Info.plist */ = {isa = PBXFileReference; fileEncoding = 4; lastKnownFileType = text.plist.xml; path = Info.plist; sourceTree = "<group>"; };
		506389461BBA926A00B11E91 /* main.m */ = {isa = PBXFileReference; fileEncoding = 4; lastKnownFileType = sourcecode.c.objc; path = main.m; sourceTree = "<group>"; };
		506389481BBA926A00B11E91 /* AppDelegate.h */ = {isa = PBXFileReference; fileEncoding = 4; lastKnownFileType = sourcecode.c.h; path = AppDelegate.h; sourceTree = "<group>"; };
		506389491BBA926A00B11E91 /* AppDelegate.m */ = {isa = PBXFileReference; fileEncoding = 4; lastKnownFileType = sourcecode.c.objc; path = AppDelegate.m; sourceTree = "<group>"; };
		506389561BBA95D200B11E91 /* mainView.storyboard */ = {isa = PBXFileReference; fileEncoding = 4; lastKnownFileType = file.storyboard; path = mainView.storyboard; sourceTree = "<group>"; };
		506389581BBA95FC00B11E91 /* deviceView.storyboard */ = {isa = PBXFileReference; fileEncoding = 4; lastKnownFileType = file.storyboard; path = deviceView.storyboard; sourceTree = "<group>"; };
		5063895B1BBA99AC00B11E91 /* Apple Watch.png */ = {isa = PBXFileReference; lastKnownFileType = image.png; path = "Apple Watch.png"; sourceTree = "<group>"; };
		50A90EDE1BC3FDD20097CA98 /* DevicesLibrary.h */ = {isa = PBXFileReference; fileEncoding = 4; lastKnownFileType = sourcecode.c.h; path = DevicesLibrary.h; sourceTree = "<group>"; };
		50A90EDF1BC3FDD20097CA98 /* DevicesLibrary.m */ = {isa = PBXFileReference; fileEncoding = 4; lastKnownFileType = sourcecode.c.objc; path = DevicesLibrary.m; sourceTree = "<group>"; };
		50D2886B1BC120F200455D45 /* index.html */ = {isa = PBXFileReference; fileEncoding = 4; lastKnownFileType = text.html; path = index.html; sourceTree = "<group>"; };
		50D2886C1BC120F200455D45 /* ChartNew.min.js */ = {isa = PBXFileReference; fileEncoding = 4; lastKnownFileType = sourcecode.javascript; path = ChartNew.min.js; sourceTree = "<group>"; };
		95B5F9EA1455836D9D420018 /* Pods.debug.xcconfig */ = {isa = PBXFileReference; includeInIndex = 1; lastKnownFileType = text.xcconfig; name = Pods.debug.xcconfig; path = "Pods/Target Support Files/Pods/Pods.debug.xcconfig"; sourceTree = "<group>"; };
		A170BE7513BB4AF1F741DD66 /* Pods.release.xcconfig */ = {isa = PBXFileReference; includeInIndex = 1; lastKnownFileType = text.xcconfig; name = Pods.release.xcconfig; path = "Pods/Target Support Files/Pods/Pods.release.xcconfig"; sourceTree = "<group>"; };
/* End PBXFileReference section */

/* Begin PBXFrameworksBuildPhase section */
		506388F71BBA90A800B11E91 /* Frameworks */ = {
			isa = PBXFrameworksBuildPhase;
			buildActionMask = 2147483647;
			files = (
				7D9C6FF41A5D80F3AA855159 /* libPods.a in Frameworks */,
			);
			runOnlyForDeploymentPostprocessing = 0;
		};
		506389101BBA90A800B11E91 /* Frameworks */ = {
			isa = PBXFrameworksBuildPhase;
			buildActionMask = 2147483647;
			files = (
			);
			runOnlyForDeploymentPostprocessing = 0;
		};
		5063891B1BBA90A800B11E91 /* Frameworks */ = {
			isa = PBXFrameworksBuildPhase;
			buildActionMask = 2147483647;
			files = (
			);
			runOnlyForDeploymentPostprocessing = 0;
		};
/* End PBXFrameworksBuildPhase section */

/* Begin PBXGroup section */
		5037B4051BC94EF00025C997 /* Homework ImageRes */ = {
			isa = PBXGroup;
			children = (
				5037B41A1BC9501A0025C997 /* Name INPUT@2x.png */,
				5037B41B1BC9501A0025C997 /* Name INPUT@3x.png */,
				5037B4121BC94FC80025C997 /* Create BUTTON@2x.png */,
				5037B4131BC94FC80025C997 /* Create BUTTON@3x.png */,
				5037B4061BC94F110025C997 /* Cancel BUTTON@2x.png */,
				5037B4071BC94F110025C997 /* Cancel BUTTON@3x.png */,
				5037B4081BC94F110025C997 /* Sign Up BUTTON@2x.png */,
				5037B4091BC94F110025C997 /* Sign Up BUTTON@3x.png */,
				5037B40A1BC94F110025C997 /* Sign in BUTTON@2x.png */,
				5037B40B1BC94F110025C997 /* Sign in BUTTON@3x.png */,
			);
			path = "Homework ImageRes";
			sourceTree = "<group>";
		};
		5037B41E1BCA411B0025C997 /* MacBook images */ = {
			isa = PBXGroup;
			children = (
				5037B41F1BCA411B0025C997 /* MacBook Air-Button.png */,
				5037B4201BCA411B0025C997 /* MacBook Pro-Button.png */,
				5037B4211BCA411B0025C997 /* MacBook-1.png */,
				5037B4221BCA411B0025C997 /* MacBook-2.png */,
				5037B4231BCA411B0025C997 /* MacBook-3.png */,
				5037B4241BCA411B0025C997 /* MacBook-Button.png */,
			);
			path = "MacBook images";
			sourceTree = "<group>";
		};
		5037B4251BCA411B0025C997 /* iPod images */ = {
			isa = PBXGroup;
			children = (
				5037B4261BCA411B0025C997 /* iPod_Nano.png */,
				5037B4271BCA411B0025C997 /* iPod_Nano_button.png */,
				5037B4281BCA411B0025C997 /* iPod_Touch.png */,
				5037B4291BCA411B0025C997 /* iPod_Touch_button.png */,
			);
			path = "iPod images";
			sourceTree = "<group>";
		};
		5037B42A1BCA411B0025C997 /* iPad images */ = {
			isa = PBXGroup;
			children = (
				5037B42B1BCA411B0025C997 /* iPad_Air.png */,
				5037B42C1BCA411B0025C997 /* iPad_Air2.png */,
				5037B42D1BCA411B0025C997 /* iPad_Air2_button.png */,
				5037B42E1BCA411B0025C997 /* iPad_Air_button.png */,
				5037B42F1BCA411B0025C997 /* iPad_mini2_button.png */,
				5037B4301BCA411B0025C997 /* iPad_mini4.png */,
				5037B4311BCA411B0025C997 /* iPad_mini4_button.png */,
				5037B4321BCA411B0025C997 /* iPad_mini2.png */,
			);
			path = "iPad images";
			sourceTree = "<group>";
		};
		5037B4331BCA411B0025C997 /* iPhone images */ = {
			isa = PBXGroup;
			children = (
				5037B4341BCA411B0025C997 /* iPhone_6_plus.png */,
				5037B4351BCA411B0025C997 /* iPhone_5s.png */,
				5037B4361BCA411B0025C997 /* iPhone_5s_button.png */,
				5037B4371BCA411B0025C997 /* iPhone_6.png */,
				5037B4381BCA411B0025C997 /* iPhone_6_button.png */,
				5037B4391BCA411B0025C997 /* iPhone_6_plus_button.png */,
				5037B43A1BCA411B0025C997 /* iPhone_6s.png */,
				5037B43B1BCA411B0025C997 /* iPhone_6s_button.png */,
				5037B43C1BCA411B0025C997 /* iPhone_6s_plus.png */,
				5037B43D1BCA411B0025C997 /* iPhone_6s_plus_button.png */,
			);
			path = "iPhone images";
			sourceTree = "<group>";
		};
		5037B43E1BCA411B0025C997 /* Marking images */ = {
			isa = PBXGroup;
			children = (
				5037B43F1BCA411B0025C997 /* Gray Button@2x.png */,
				5037B4401BCA411B0025C997 /* Gray Button@3x.png */,
				5037B4411BCA411B0025C997 /* Green Button@2x.png */,
				5037B4421BCA411B0025C997 /* Green Button@3x.png */,
				5037B4431BCA411B0025C997 /* Red Button@2x.png */,
				5037B4441BCA411B0025C997 /* Red Button@3x.png */,
				5037B4451BCA411B0025C997 /* Yellow Button@2x.png */,
				5037B4461BCA411B0025C997 /* Yellow Button@3x.png */,
			);
			path = "Marking images";
			sourceTree = "<group>";
		};
		5037B4471BCA411B0025C997 /* Tab bar icons */ = {
			isa = PBXGroup;
			children = (
				5037B4481BCA411B0025C997 /* iPad icon@2x.png */,
				5037B4491BCA411B0025C997 /* iPad icon@3x.png */,
				5037B44A1BCA411B0025C997 /* iPhone icon@2x.png */,
				5037B44B1BCA411B0025C997 /* iPhone icon@3x.png */,
				5037B44C1BCA411B0025C997 /* iPod icon@2x.png */,
				5037B44D1BCA411B0025C997 /* iPod icon@3x.png */,
				5037B44E1BCA411B0025C997 /* MacBook icon@2x.png */,
				5037B44F1BCA411B0025C997 /* MacBook icon@3x.png */,
			);
			path = "Tab bar icons";
			sourceTree = "<group>";
		};
		5037B48B1BCAAFB60025C997 /* Controllers */ = {
			isa = PBXGroup;
			children = (
				5037B48F1BCAAFB60025C997 /* DeviceTabbarViewController */,
				5037B4921BCAAFB60025C997 /* DeviceViewController */,
				5037B48C1BCAAFB60025C997 /* DeviceModelViewController */,
			);
			path = Controllers;
			sourceTree = "<group>";
		};
		5037B48C1BCAAFB60025C997 /* DeviceModelViewController */ = {
			isa = PBXGroup;
			children = (
				5037B48D1BCAAFB60025C997 /* DeviceModelViewController.h */,
				5037B48E1BCAAFB60025C997 /* DeviceModelViewController.m */,
			);
			path = DeviceModelViewController;
			sourceTree = "<group>";
		};
		5037B48F1BCAAFB60025C997 /* DeviceTabbarViewController */ = {
			isa = PBXGroup;
			children = (
				5037B4901BCAAFB60025C997 /* DeviceTabBarController.h */,
				5037B4911BCAAFB60025C997 /* DeviceTabBarController.m */,
			);
			path = DeviceTabbarViewController;
			sourceTree = "<group>";
		};
		5037B4921BCAAFB60025C997 /* DeviceViewController */ = {
			isa = PBXGroup;
			children = (
				5037B4931BCAAFB60025C997 /* DeviceViewController.h */,
				5037B4941BCAAFB60025C997 /* DeviceViewController.m */,
			);
			path = DeviceViewController;
			sourceTree = "<group>";
		};
		5060214F1BBFDB54008123DE /* Views */ = {
			isa = PBXGroup;
			children = (
				506021501BBFDB54008123DE /* DeviceCell */,
				506021531BBFDB54008123DE /* DeviceHeaderView */,
				5060215A1BBFDB54008123DE /* DeviceModelCell */,
			);
			path = Views;
			sourceTree = "<group>";
		};
		506021501BBFDB54008123DE /* DeviceCell */ = {
			isa = PBXGroup;
			children = (
				506021511BBFDB54008123DE /* DeviceCell.h */,
				506021521BBFDB54008123DE /* DeviceCell.m */,
			);
			path = DeviceCell;
			sourceTree = "<group>";
		};
		506021531BBFDB54008123DE /* DeviceHeaderView */ = {
			isa = PBXGroup;
			children = (
				506021541BBFDB54008123DE /* DeviceHeaderView.h */,
				506021551BBFDB54008123DE /* DeviceHeaderView.m */,
				506021561BBFDB54008123DE /* IndicatorView.h */,
				506021571BBFDB54008123DE /* IndicatorView.m */,
				506021581BBFDB54008123DE /* LCAnimatedPageControl.h */,
				506021591BBFDB54008123DE /* LCAnimatedPageControl.m */,
			);
			path = DeviceHeaderView;
			sourceTree = "<group>";
		};
		5060215A1BBFDB54008123DE /* DeviceModelCell */ = {
			isa = PBXGroup;
			children = (
				5060215B1BBFDB54008123DE /* DeviceModelCell.h */,
				5060215C1BBFDB54008123DE /* DeviceModelCell.m */,
			);
			path = DeviceModelCell;
			sourceTree = "<group>";
		};
		5060215D1BBFDB54008123DE /* Models */ = {
			isa = PBXGroup;
			children = (
				5060215E1BBFDB54008123DE /* Device.h */,
				5060215F1BBFDB54008123DE /* Device.m */,
				50A90EDE1BC3FDD20097CA98 /* DevicesLibrary.h */,
				50A90EDF1BC3FDD20097CA98 /* DevicesLibrary.m */,
			);
			path = Models;
			sourceTree = "<group>";
		};
		506388F11BBA90A800B11E91 = {
			isa = PBXGroup;
			children = (
				506388FC1BBA90A800B11E91 /* iDevicesGuide */,
				506389161BBA90A800B11E91 /* iDevicesGuideTests */,
				506389211BBA90A800B11E91 /* iDevicesGuideUITests */,
				506388FB1BBA90A800B11E91 /* Products */,
				7E0AA432B6DDDA5106660B28 /* Pods */,
				D0483FA726E4FE8FB22F43AD /* Frameworks */,
			);
			sourceTree = "<group>";
		};
		506388FB1BBA90A800B11E91 /* Products */ = {
			isa = PBXGroup;
			children = (
				506388FA1BBA90A800B11E91 /* iDevicesGuide.app */,
				506389131BBA90A800B11E91 /* iDevicesGuideTests.xctest */,
				5063891E1BBA90A800B11E91 /* iDevicesGuideUITests.xctest */,
			);
			name = Products;
			sourceTree = "<group>";
		};
		506388FC1BBA90A800B11E91 /* iDevicesGuide */ = {
			isa = PBXGroup;
			children = (
				506389471BBA926A00B11E91 /* AppDelegate */,
				5063894B1BBA926A00B11E91 /* Classes */,
				506389401BBA926A00B11E91 /* Resources */,
				506389441BBA926A00B11E91 /* Supporting Files */,
			);
			path = iDevicesGuide;
			sourceTree = "<group>";
		};
		506389161BBA90A800B11E91 /* iDevicesGuideTests */ = {
			isa = PBXGroup;
			children = (
				506389171BBA90A800B11E91 /* iDevicesGuideTests.m */,
				506389191BBA90A800B11E91 /* Info.plist */,
			);
			path = iDevicesGuideTests;
			sourceTree = "<group>";
		};
		506389211BBA90A800B11E91 /* iDevicesGuideUITests */ = {
			isa = PBXGroup;
			children = (
				506389221BBA90A800B11E91 /* iDevicesGuideUITests.m */,
				506389241BBA90A800B11E91 /* Info.plist */,
			);
			path = iDevicesGuideUITests;
			sourceTree = "<group>";
		};
		506389401BBA926A00B11E91 /* Resources */ = {
			isa = PBXGroup;
			children = (
				506389411BBA926A00B11E91 /* Assets.xcassets */,
				506389421BBA926A00B11E91 /* Images */,
				506389431BBA926A00B11E91 /* StoryBoards */,
			);
			path = Resources;
			sourceTree = "<group>";
		};
		506389421BBA926A00B11E91 /* Images */ = {
			isa = PBXGroup;
			children = (
				5037B4051BC94EF00025C997 /* Homework ImageRes */,
				5063895A1BBA99AC00B11E91 /* iDeviceGuideImagesRes */,
			);
			path = Images;
			sourceTree = "<group>";
		};
		506389431BBA926A00B11E91 /* StoryBoards */ = {
			isa = PBXGroup;
			children = (
				506389561BBA95D200B11E91 /* mainView.storyboard */,
				506389581BBA95FC00B11E91 /* deviceView.storyboard */,
				5049C31E1BBAD03900B6FA0E /* Launch.storyboard */,
			);
			path = StoryBoards;
			sourceTree = "<group>";
		};
		506389441BBA926A00B11E91 /* Supporting Files */ = {
			isa = PBXGroup;
			children = (
				50D2886B1BC120F200455D45 /* index.html */,
				50D2886C1BC120F200455D45 /* ChartNew.min.js */,
				50106F831BC101D3001BE683 /* index.js */,
				506389451BBA926A00B11E91 /* Info.plist */,
				506389461BBA926A00B11E91 /* main.m */,
			);
			path = "Supporting Files";
			sourceTree = "<group>";
		};
		506389471BBA926A00B11E91 /* AppDelegate */ = {
			isa = PBXGroup;
			children = (
				506389481BBA926A00B11E91 /* AppDelegate.h */,
				506389491BBA926A00B11E91 /* AppDelegate.m */,
			);
			path = AppDelegate;
			sourceTree = "<group>";
		};
		5063894B1BBA926A00B11E91 /* Classes */ = {
			isa = PBXGroup;
			children = (
				5037B48B1BCAAFB60025C997 /* Controllers */,
				5060214F1BBFDB54008123DE /* Views */,
				5060215D1BBFDB54008123DE /* Models */,
			);
			path = Classes;
			sourceTree = "<group>";
		};
		5063895A1BBA99AC00B11E91 /* iDeviceGuideImagesRes */ = {
			isa = PBXGroup;
			children = (
				5037B41E1BCA411B0025C997 /* MacBook images */,
				5037B4251BCA411B0025C997 /* iPod images */,
				5037B42A1BCA411B0025C997 /* iPad images */,
				5037B4331BCA411B0025C997 /* iPhone images */,
				5037B43E1BCA411B0025C997 /* Marking images */,
				5037B4471BCA411B0025C997 /* Tab bar icons */,
				5063895B1BBA99AC00B11E91 /* Apple Watch.png */,
			);
			path = iDeviceGuideImagesRes;
			sourceTree = "<group>";
		};
		7E0AA432B6DDDA5106660B28 /* Pods */ = {
			isa = PBXGroup;
			children = (
				95B5F9EA1455836D9D420018 /* Pods.debug.xcconfig */,
				A170BE7513BB4AF1F741DD66 /* Pods.release.xcconfig */,
			);
			name = Pods;
			sourceTree = "<group>";
		};
		D0483FA726E4FE8FB22F43AD /* Frameworks */ = {
			isa = PBXGroup;
			children = (
				33F3163DBC0809EBD77459D3 /* libPods.a */,
			);
			name = Frameworks;
			sourceTree = "<group>";
		};
/* End PBXGroup section */

/* Begin PBXNativeTarget section */
		506388F91BBA90A800B11E91 /* iDevicesGuide */ = {
			isa = PBXNativeTarget;
			buildConfigurationList = 506389271BBA90A800B11E91 /* Build configuration list for PBXNativeTarget "iDevicesGuide" */;
			buildPhases = (
				410D8C060FE56BDC034814A8 /* Check Pods Manifest.lock */,
				506388F61BBA90A800B11E91 /* Sources */,
				506388F71BBA90A800B11E91 /* Frameworks */,
				506388F81BBA90A800B11E91 /* Resources */,
				8535C318A9462017860DCA2D /* Copy Pods Resources */,
			);
			buildRules = (
			);
			dependencies = (
			);
			name = iDevicesGuide;
			productName = iDevicesGuide;
			productReference = 506388FA1BBA90A800B11E91 /* iDevicesGuide.app */;
			productType = "com.apple.product-type.application";
		};
		506389121BBA90A800B11E91 /* iDevicesGuideTests */ = {
			isa = PBXNativeTarget;
			buildConfigurationList = 5063892A1BBA90A800B11E91 /* Build configuration list for PBXNativeTarget "iDevicesGuideTests" */;
			buildPhases = (
				5063890F1BBA90A800B11E91 /* Sources */,
				506389101BBA90A800B11E91 /* Frameworks */,
				506389111BBA90A800B11E91 /* Resources */,
			);
			buildRules = (
			);
			dependencies = (
				506389151BBA90A800B11E91 /* PBXTargetDependency */,
			);
			name = iDevicesGuideTests;
			productName = iDevicesGuideTests;
			productReference = 506389131BBA90A800B11E91 /* iDevicesGuideTests.xctest */;
			productType = "com.apple.product-type.bundle.unit-test";
		};
		5063891D1BBA90A800B11E91 /* iDevicesGuideUITests */ = {
			isa = PBXNativeTarget;
			buildConfigurationList = 5063892D1BBA90A800B11E91 /* Build configuration list for PBXNativeTarget "iDevicesGuideUITests" */;
			buildPhases = (
				5063891A1BBA90A800B11E91 /* Sources */,
				5063891B1BBA90A800B11E91 /* Frameworks */,
				5063891C1BBA90A800B11E91 /* Resources */,
			);
			buildRules = (
			);
			dependencies = (
				506389201BBA90A800B11E91 /* PBXTargetDependency */,
			);
			name = iDevicesGuideUITests;
			productName = iDevicesGuideUITests;
			productReference = 5063891E1BBA90A800B11E91 /* iDevicesGuideUITests.xctest */;
			productType = "com.apple.product-type.bundle.ui-testing";
		};
/* End PBXNativeTarget section */

/* Begin PBXProject section */
		506388F21BBA90A800B11E91 /* Project object */ = {
			isa = PBXProject;
			attributes = {
				LastUpgradeCheck = 0700;
				ORGANIZATIONNAME = "Deli-Lib";
				TargetAttributes = {
					506388F91BBA90A800B11E91 = {
						CreatedOnToolsVersion = 7.0;
						DevelopmentTeam = TSL4T3DNJT;
					};
					506389121BBA90A800B11E91 = {
						CreatedOnToolsVersion = 7.0;
						DevelopmentTeam = TSL4T3DNJT;
						TestTargetID = 506388F91BBA90A800B11E91;
					};
					5063891D1BBA90A800B11E91 = {
						CreatedOnToolsVersion = 7.0;
						DevelopmentTeam = TSL4T3DNJT;
						TestTargetID = 506388F91BBA90A800B11E91;
					};
				};
			};
			buildConfigurationList = 506388F51BBA90A800B11E91 /* Build configuration list for PBXProject "iDevicesGuide" */;
			compatibilityVersion = "Xcode 3.2";
			developmentRegion = English;
			hasScannedForEncodings = 0;
			knownRegions = (
				en,
				Base,
			);
			mainGroup = 506388F11BBA90A800B11E91;
			productRefGroup = 506388FB1BBA90A800B11E91 /* Products */;
			projectDirPath = "";
			projectRoot = "";
			targets = (
				506388F91BBA90A800B11E91 /* iDevicesGuide */,
				506389121BBA90A800B11E91 /* iDevicesGuideTests */,
				5063891D1BBA90A800B11E91 /* iDevicesGuideUITests */,
			);
		};
/* End PBXProject section */

/* Begin PBXResourcesBuildPhase section */
		506388F81BBA90A800B11E91 /* Resources */ = {
			isa = PBXResourcesBuildPhase;
			buildActionMask = 2147483647;
			files = (
				50D2886D1BC120F200455D45 /* index.html in Resources */,
				5037B4531BCA411B0025C997 /* MacBook-2.png in Resources */,
				5037B4631BCA411B0025C997 /* iPhone_5s.png in Resources */,
				5037B4791BCA411B0025C997 /* iPod icon@3x.png in Resources */,
				5037B46D1BCA411B0025C997 /* Gray Button@3x.png in Resources */,
				506389571BBA95D200B11E91 /* mainView.storyboard in Resources */,
				506389591BBA95FC00B11E91 /* deviceView.storyboard in Resources */,
				5037B46F1BCA411B0025C997 /* Green Button@3x.png in Resources */,
				5037B40F1BC94F110025C997 /* Sign Up BUTTON@3x.png in Resources */,
				5037B40C1BC94F110025C997 /* Cancel BUTTON@2x.png in Resources */,
				5037B4781BCA411B0025C997 /* iPod icon@2x.png in Resources */,
				5049C31F1BBAD03900B6FA0E /* Launch.storyboard in Resources */,
				5037B45C1BCA411B0025C997 /* iPad_Air2_button.png in Resources */,
				5037B46C1BCA411B0025C997 /* Gray Button@2x.png in Resources */,
				5037B4501BCA411B0025C997 /* MacBook Air-Button.png in Resources */,
				5037B4161BC94FC80025C997 /* Create BUTTON@2x.png in Resources */,
				5037B46A1BCA411B0025C997 /* iPhone_6s_plus.png in Resources */,
				5037B4601BCA411B0025C997 /* iPad_mini4_button.png in Resources */,
				5037B4691BCA411B0025C997 /* iPhone_6s_button.png in Resources */,
				5037B4551BCA411B0025C997 /* MacBook-Button.png in Resources */,
				5037B40E1BC94F110025C997 /* Sign Up BUTTON@2x.png in Resources */,
				5037B4701BCA411B0025C997 /* Red Button@2x.png in Resources */,
				5037B4651BCA411B0025C997 /* iPhone_6.png in Resources */,
				5037B45F1BCA411B0025C997 /* iPad_mini4.png in Resources */,
				5037B40D1BC94F110025C997 /* Cancel BUTTON@3x.png in Resources */,
				5037B4731BCA411B0025C997 /* Yellow Button@3x.png in Resources */,
				5037B4111BC94F110025C997 /* Sign in BUTTON@3x.png in Resources */,
				5037B4671BCA411B0025C997 /* iPhone_6_plus_button.png in Resources */,
				5037B4541BCA411B0025C997 /* MacBook-3.png in Resources */,
				5037B45B1BCA411B0025C997 /* iPad_Air2.png in Resources */,
				5037B4721BCA411B0025C997 /* Yellow Button@2x.png in Resources */,
				5037B4171BC94FC80025C997 /* Create BUTTON@3x.png in Resources */,
				5037B47A1BCA411B0025C997 /* MacBook icon@2x.png in Resources */,
				5037B45D1BCA411B0025C997 /* iPad_Air_button.png in Resources */,
				5037B4711BCA411B0025C997 /* Red Button@3x.png in Resources */,
				5037B4761BCA411B0025C997 /* iPhone icon@2x.png in Resources */,
				5037B4621BCA411B0025C997 /* iPhone_6_plus.png in Resources */,
				5037B45A1BCA411B0025C997 /* iPad_Air.png in Resources */,
				5037B45E1BCA411B0025C997 /* iPad_mini2_button.png in Resources */,
				5037B4771BCA411B0025C997 /* iPhone icon@3x.png in Resources */,
				5037B46E1BCA411B0025C997 /* Green Button@2x.png in Resources */,
				5037B4591BCA411B0025C997 /* iPod_Touch_button.png in Resources */,
				5037B41D1BC9501A0025C997 /* Name INPUT@3x.png in Resources */,
				5037B4661BCA411B0025C997 /* iPhone_6_button.png in Resources */,
				5037B47B1BCA411B0025C997 /* MacBook icon@3x.png in Resources */,
				5037B4511BCA411B0025C997 /* MacBook Pro-Button.png in Resources */,
				5037B4561BCA411B0025C997 /* iPod_Nano.png in Resources */,
				5037B4611BCA411B0025C997 /* iPad_mini2.png in Resources */,
				5037B4741BCA411B0025C997 /* iPad icon@2x.png in Resources */,
				5063894C1BBA926A00B11E91 /* Assets.xcassets in Resources */,
				5037B4581BCA411B0025C997 /* iPod_Touch.png in Resources */,
				5037B41C1BC9501A0025C997 /* Name INPUT@2x.png in Resources */,
				5037B46B1BCA411B0025C997 /* iPhone_6s_plus_button.png in Resources */,
				5037B4641BCA411B0025C997 /* iPhone_5s_button.png in Resources */,
				5037B4521BCA411B0025C997 /* MacBook-1.png in Resources */,
				5037B4751BCA411B0025C997 /* iPad icon@3x.png in Resources */,
				5037B4681BCA411B0025C997 /* iPhone_6s.png in Resources */,
				5037B4571BCA411B0025C997 /* iPod_Nano_button.png in Resources */,
				50106F841BC101D3001BE683 /* index.js in Resources */,
				5037B4101BC94F110025C997 /* Sign in BUTTON@2x.png in Resources */,
				506389781BBA99AC00B11E91 /* Apple Watch.png in Resources */,
				50D2886E1BC120F200455D45 /* ChartNew.min.js in Resources */,
			);
			runOnlyForDeploymentPostprocessing = 0;
		};
		506389111BBA90A800B11E91 /* Resources */ = {
			isa = PBXResourcesBuildPhase;
			buildActionMask = 2147483647;
			files = (
			);
			runOnlyForDeploymentPostprocessing = 0;
		};
		5063891C1BBA90A800B11E91 /* Resources */ = {
			isa = PBXResourcesBuildPhase;
			buildActionMask = 2147483647;
			files = (
			);
			runOnlyForDeploymentPostprocessing = 0;
		};
/* End PBXResourcesBuildPhase section */

/* Begin PBXShellScriptBuildPhase section */
		410D8C060FE56BDC034814A8 /* Check Pods Manifest.lock */ = {
			isa = PBXShellScriptBuildPhase;
			buildActionMask = 2147483647;
			files = (
			);
			inputPaths = (
			);
			name = "Check Pods Manifest.lock";
			outputPaths = (
			);
			runOnlyForDeploymentPostprocessing = 0;
			shellPath = /bin/sh;
			shellScript = "diff \"${PODS_ROOT}/../Podfile.lock\" \"${PODS_ROOT}/Manifest.lock\" > /dev/null\nif [[ $? != 0 ]] ; then\n    cat << EOM\nerror: The sandbox is not in sync with the Podfile.lock. Run 'pod install' or update your CocoaPods installation.\nEOM\n    exit 1\nfi\n";
			showEnvVarsInLog = 0;
		};
		8535C318A9462017860DCA2D /* Copy Pods Resources */ = {
			isa = PBXShellScriptBuildPhase;
			buildActionMask = 2147483647;
			files = (
			);
			inputPaths = (
			);
			name = "Copy Pods Resources";
			outputPaths = (
			);
			runOnlyForDeploymentPostprocessing = 0;
			shellPath = /bin/sh;
			shellScript = "\"${SRCROOT}/Pods/Target Support Files/Pods/Pods-resources.sh\"\n";
			showEnvVarsInLog = 0;
		};
/* End PBXShellScriptBuildPhase section */

/* Begin PBXSourcesBuildPhase section */
		506388F61BBA90A800B11E91 /* Sources */ = {
			isa = PBXSourcesBuildPhase;
			buildActionMask = 2147483647;
			files = (
				506021631BBFDB54008123DE /* DeviceHeaderView.m in Sources */,
				5037B4A31BCAAFB60025C997 /* DeviceTabBarController.m in Sources */,
				506021661BBFDB54008123DE /* DeviceModelCell.m in Sources */,
				50A90EE01BC3FDD20097CA98 /* DevicesLibrary.m in Sources */,
				506021671BBFDB54008123DE /* Device.m in Sources */,
				506021651BBFDB54008123DE /* LCAnimatedPageControl.m in Sources */,
				5063894F1BBA926A00B11E91 /* AppDelegate.m in Sources */,
				5037B4A41BCAAFB60025C997 /* DeviceViewController.m in Sources */,
				5037B4A21BCAAFB60025C997 /* DeviceModelViewController.m in Sources */,
				5063894E1BBA926A00B11E91 /* main.m in Sources */,
				506021621BBFDB54008123DE /* DeviceCell.m in Sources */,
				506021641BBFDB54008123DE /* IndicatorView.m in Sources */,
			);
			runOnlyForDeploymentPostprocessing = 0;
		};
		5063890F1BBA90A800B11E91 /* Sources */ = {
			isa = PBXSourcesBuildPhase;
			buildActionMask = 2147483647;
			files = (
				506389181BBA90A800B11E91 /* iDevicesGuideTests.m in Sources */,
			);
			runOnlyForDeploymentPostprocessing = 0;
		};
		5063891A1BBA90A800B11E91 /* Sources */ = {
			isa = PBXSourcesBuildPhase;
			buildActionMask = 2147483647;
			files = (
				506389231BBA90A800B11E91 /* iDevicesGuideUITests.m in Sources */,
			);
			runOnlyForDeploymentPostprocessing = 0;
		};
/* End PBXSourcesBuildPhase section */

/* Begin PBXTargetDependency section */
		506389151BBA90A800B11E91 /* PBXTargetDependency */ = {
			isa = PBXTargetDependency;
			target = 506388F91BBA90A800B11E91 /* iDevicesGuide */;
			targetProxy = 506389141BBA90A800B11E91 /* PBXContainerItemProxy */;
		};
		506389201BBA90A800B11E91 /* PBXTargetDependency */ = {
			isa = PBXTargetDependency;
			target = 506388F91BBA90A800B11E91 /* iDevicesGuide */;
			targetProxy = 5063891F1BBA90A800B11E91 /* PBXContainerItemProxy */;
		};
/* End PBXTargetDependency section */

/* Begin XCBuildConfiguration section */
		506389251BBA90A800B11E91 /* Debug */ = {
			isa = XCBuildConfiguration;
			buildSettings = {
				ALWAYS_SEARCH_USER_PATHS = NO;
				CLANG_CXX_LANGUAGE_STANDARD = "gnu++0x";
				CLANG_CXX_LIBRARY = "libc++";
				CLANG_ENABLE_MODULES = YES;
				CLANG_ENABLE_OBJC_ARC = YES;
				CLANG_WARN_BOOL_CONVERSION = YES;
				CLANG_WARN_CONSTANT_CONVERSION = YES;
				CLANG_WARN_DIRECT_OBJC_ISA_USAGE = YES_ERROR;
				CLANG_WARN_EMPTY_BODY = YES;
				CLANG_WARN_ENUM_CONVERSION = YES;
				CLANG_WARN_INT_CONVERSION = YES;
				CLANG_WARN_OBJC_ROOT_CLASS = YES_ERROR;
				CLANG_WARN_UNREACHABLE_CODE = YES;
				CLANG_WARN__DUPLICATE_METHOD_MATCH = YES;
				"CODE_SIGN_IDENTITY[sdk=iphoneos*]" = "iPhone Developer";
				COPY_PHASE_STRIP = NO;
				DEBUG_INFORMATION_FORMAT = dwarf;
				ENABLE_STRICT_OBJC_MSGSEND = YES;
				ENABLE_TESTABILITY = YES;
				GCC_C_LANGUAGE_STANDARD = gnu99;
				GCC_DYNAMIC_NO_PIC = NO;
				GCC_NO_COMMON_BLOCKS = YES;
				GCC_OPTIMIZATION_LEVEL = 0;
				GCC_PREPROCESSOR_DEFINITIONS = (
					"DEBUG=1",
					"$(inherited)",
				);
				GCC_WARN_64_TO_32_BIT_CONVERSION = YES;
				GCC_WARN_ABOUT_RETURN_TYPE = YES_ERROR;
				GCC_WARN_UNDECLARED_SELECTOR = YES;
				GCC_WARN_UNINITIALIZED_AUTOS = YES_AGGRESSIVE;
				GCC_WARN_UNUSED_FUNCTION = YES;
				GCC_WARN_UNUSED_VARIABLE = YES;
				IPHONEOS_DEPLOYMENT_TARGET = 9.0;
				MTL_ENABLE_DEBUG_INFO = YES;
				ONLY_ACTIVE_ARCH = YES;
				SDKROOT = iphoneos;
				USER_HEADER_SEARCH_PATHS = "${SRCROOT}/**";
			};
			name = Debug;
		};
		506389261BBA90A800B11E91 /* Release */ = {
			isa = XCBuildConfiguration;
			buildSettings = {
				ALWAYS_SEARCH_USER_PATHS = NO;
				CLANG_CXX_LANGUAGE_STANDARD = "gnu++0x";
				CLANG_CXX_LIBRARY = "libc++";
				CLANG_ENABLE_MODULES = YES;
				CLANG_ENABLE_OBJC_ARC = YES;
				CLANG_WARN_BOOL_CONVERSION = YES;
				CLANG_WARN_CONSTANT_CONVERSION = YES;
				CLANG_WARN_DIRECT_OBJC_ISA_USAGE = YES_ERROR;
				CLANG_WARN_EMPTY_BODY = YES;
				CLANG_WARN_ENUM_CONVERSION = YES;
				CLANG_WARN_INT_CONVERSION = YES;
				CLANG_WARN_OBJC_ROOT_CLASS = YES_ERROR;
				CLANG_WARN_UNREACHABLE_CODE = YES;
				CLANG_WARN__DUPLICATE_METHOD_MATCH = YES;
				"CODE_SIGN_IDENTITY[sdk=iphoneos*]" = "iPhone Developer";
				COPY_PHASE_STRIP = NO;
				DEBUG_INFORMATION_FORMAT = "dwarf-with-dsym";
				ENABLE_NS_ASSERTIONS = NO;
				ENABLE_STRICT_OBJC_MSGSEND = YES;
				GCC_C_LANGUAGE_STANDARD = gnu99;
				GCC_NO_COMMON_BLOCKS = YES;
				GCC_WARN_64_TO_32_BIT_CONVERSION = YES;
				GCC_WARN_ABOUT_RETURN_TYPE = YES_ERROR;
				GCC_WARN_UNDECLARED_SELECTOR = YES;
				GCC_WARN_UNINITIALIZED_AUTOS = YES_AGGRESSIVE;
				GCC_WARN_UNUSED_FUNCTION = YES;
				GCC_WARN_UNUSED_VARIABLE = YES;
				IPHONEOS_DEPLOYMENT_TARGET = 9.0;
				MTL_ENABLE_DEBUG_INFO = NO;
				SDKROOT = iphoneos;
				USER_HEADER_SEARCH_PATHS = "${SRCROOT}/**";
				VALIDATE_PRODUCT = YES;
			};
			name = Release;
		};
		506389281BBA90A800B11E91 /* Debug */ = {
			isa = XCBuildConfiguration;
			baseConfigurationReference = 95B5F9EA1455836D9D420018 /* Pods.debug.xcconfig */;
			buildSettings = {
				ASSETCATALOG_COMPILER_APPICON_NAME = AppIcon;
				INFOPLIST_FILE = "iDevicesGuide/Supporting Files/Info.plist";
				IPHONEOS_DEPLOYMENT_TARGET = 9.0;
				LD_RUNPATH_SEARCH_PATHS = "$(inherited) @executable_path/Frameworks";
				PRODUCT_BUNDLE_IDENTIFIER = com.discovery.iDevicesGuide;
				PRODUCT_NAME = "$(TARGET_NAME)";
			};
			name = Debug;
		};
		506389291BBA90A800B11E91 /* Release */ = {
			isa = XCBuildConfiguration;
			baseConfigurationReference = A170BE7513BB4AF1F741DD66 /* Pods.release.xcconfig */;
			buildSettings = {
				ASSETCATALOG_COMPILER_APPICON_NAME = AppIcon;
				INFOPLIST_FILE = "iDevicesGuide/Supporting Files/Info.plist";
				IPHONEOS_DEPLOYMENT_TARGET = 9.0;
				LD_RUNPATH_SEARCH_PATHS = "$(inherited) @executable_path/Frameworks";
				PRODUCT_BUNDLE_IDENTIFIER = com.discovery.iDevicesGuide;
				PRODUCT_NAME = "$(TARGET_NAME)";
			};
			name = Release;
		};
		5063892B1BBA90A800B11E91 /* Debug */ = {
			isa = XCBuildConfiguration;
			buildSettings = {
				BUNDLE_LOADER = "$(TEST_HOST)";
				INFOPLIST_FILE = iDevicesGuideTests/Info.plist;
				LD_RUNPATH_SEARCH_PATHS = "$(inherited) @executable_path/Frameworks @loader_path/Frameworks";
				PRODUCT_BUNDLE_IDENTIFIER = com.discovery.iDevicesGuideTests;
				PRODUCT_NAME = "$(TARGET_NAME)";
				TEST_HOST = "$(BUILT_PRODUCTS_DIR)/iDevicesGuide.app/iDevicesGuide";
			};
			name = Debug;
		};
		5063892C1BBA90A800B11E91 /* Release */ = {
			isa = XCBuildConfiguration;
			buildSettings = {
				BUNDLE_LOADER = "$(TEST_HOST)";
				INFOPLIST_FILE = iDevicesGuideTests/Info.plist;
				LD_RUNPATH_SEARCH_PATHS = "$(inherited) @executable_path/Frameworks @loader_path/Frameworks";
				PRODUCT_BUNDLE_IDENTIFIER = com.discovery.iDevicesGuideTests;
				PRODUCT_NAME = "$(TARGET_NAME)";
				TEST_HOST = "$(BUILT_PRODUCTS_DIR)/iDevicesGuide.app/iDevicesGuide";
			};
			name = Release;
		};
		5063892E1BBA90A800B11E91 /* Debug */ = {
			isa = XCBuildConfiguration;
			buildSettings = {
				INFOPLIST_FILE = iDevicesGuideUITests/Info.plist;
				LD_RUNPATH_SEARCH_PATHS = "$(inherited) @executable_path/Frameworks @loader_path/Frameworks";
				PRODUCT_BUNDLE_IDENTIFIER = com.discovery.iDevicesGuideUITests;
				PRODUCT_NAME = "$(TARGET_NAME)";
				TEST_TARGET_NAME = iDevicesGuide;
				USES_XCTRUNNER = YES;
			};
			name = Debug;
		};
		5063892F1BBA90A800B11E91 /* Release */ = {
			isa = XCBuildConfiguration;
			buildSettings = {
				INFOPLIST_FILE = iDevicesGuideUITests/Info.plist;
				LD_RUNPATH_SEARCH_PATHS = "$(inherited) @executable_path/Frameworks @loader_path/Frameworks";
				PRODUCT_BUNDLE_IDENTIFIER = com.discovery.iDevicesGuideUITests;
				PRODUCT_NAME = "$(TARGET_NAME)";
				TEST_TARGET_NAME = iDevicesGuide;
				USES_XCTRUNNER = YES;
			};
			name = Release;
		};
/* End XCBuildConfiguration section */

/* Begin XCConfigurationList section */
		506388F51BBA90A800B11E91 /* Build configuration list for PBXProject "iDevicesGuide" */ = {
			isa = XCConfigurationList;
			buildConfigurations = (
				506389251BBA90A800B11E91 /* Debug */,
				506389261BBA90A800B11E91 /* Release */,
			);
			defaultConfigurationIsVisible = 0;
			defaultConfigurationName = Release;
		};
		506389271BBA90A800B11E91 /* Build configuration list for PBXNativeTarget "iDevicesGuide" */ = {
			isa = XCConfigurationList;
			buildConfigurations = (
				506389281BBA90A800B11E91 /* Debug */,
				506389291BBA90A800B11E91 /* Release */,
			);
			defaultConfigurationIsVisible = 0;
			defaultConfigurationName = Release;
		};
		5063892A1BBA90A800B11E91 /* Build configuration list for PBXNativeTarget "iDevicesGuideTests" */ = {
			isa = XCConfigurationList;
			buildConfigurations = (
				5063892B1BBA90A800B11E91 /* Debug */,
				5063892C1BBA90A800B11E91 /* Release */,
			);
			defaultConfigurationIsVisible = 0;
			defaultConfigurationName = Release;
		};
		5063892D1BBA90A800B11E91 /* Build configuration list for PBXNativeTarget "iDevicesGuideUITests" */ = {
			isa = XCConfigurationList;
			buildConfigurations = (
				5063892E1BBA90A800B11E91 /* Debug */,
				5063892F1BBA90A800B11E91 /* Release */,
			);
			defaultConfigurationIsVisible = 0;
			defaultConfigurationName = Release;
		};
/* End XCConfigurationList section */
	};
	rootObject = 506388F21BBA90A800B11E91 /* Project object */;
}
